
Microsoft Visual Studio Solution File, Format Version 12.00
# Visual Studio Version 17
VisualStudioVersion = 17.0.31919.166
MinimumVisualStudioVersion = 10.0.40219.1
Project("{9A19103F-16F7-4668-BE54-9A1E7A4F7556}") = "RequestRateLimiter.Core", "RequestRateLimiter.Core\RequestRateLimiter.Core.csproj", "{82A38E23-8C95-4E50-8223-F5D5F52785C6}"
EndProject
Project("{9A19103F-16F7-4668-BE54-9A1E7A4F7556}") = "RequestRateLimiter.Tests", "RequestRateLimiter.Tests\RequestRateLimiter.Tests.csproj", "{A0517E61-537D-4134-ACBB-D4DE717C1DE9}"
EndProject
Global
	GlobalSection(SolutionConfigurationPlatforms) = preSolution
		Debug|Any CPU = Debug|Any CPU
		Release|Any CPU = Release|Any CPU
	EndGlobalSection
	GlobalSection(ProjectConfigurationPlatforms) = postSolution
		{82A38E23-8C95-4E50-8223-F5D5F52785C6}.Debug|Any CPU.ActiveCfg = Debug|Any CPU
		{82A38E23-8C95-4E50-8223-F5D5F52785C6}.Debug|Any CPU.Build.0 = Debug|Any CPU
		{82A38E23-8C95-4E50-8223-F5D5F52785C6}.Release|Any CPU.ActiveCfg = Release|Any CPU
		{82A38E23-8C95-4E50-8223-F5D5F52785C6}.Release|Any CPU.Build.0 = Release|Any CPU
		{A0517E61-537D-4134-ACBB-D4DE717C1DE9}.Debug|Any CPU.ActiveCfg = Debug|Any CPU
		{A0517E61-537D-4134-ACBB-D4DE717C1DE9}.Debug|Any CPU.Build.0 = Debug|Any CPU
		{A0517E61-537D-4134-ACBB-D4DE717C1DE9}.Release|Any CPU.ActiveCfg = Release|Any CPU
		{A0517E61-537D-4134-ACBB-D4DE717C1DE9}.Release|Any CPU.Build.0 = Release|Any CPU
	EndGlobalSection
	GlobalSection(SolutionProperties) = preSolution
		HideSolutionNode = FALSE
	EndGlobalSection
	GlobalSection(ExtensibilityGlobals) = postSolution
		SolutionGuid = {60F6D728-E845-4C16-838D-CEB3DFBE1D90}
	EndGlobalSection
EndGlobal
